
Microsoft Visual Studio Solution File, Format Version 12.00
# Visual Studio Version 16
VisualStudioVersion = 16.0.29306.81
MinimumVisualStudioVersion = 10.0.40219.1
Project("{FAE04EC0-301F-11D3-BF4B-00C04F79EFBC}") = "BundleManager", "BundleManager\BundleManager.csproj", "{F11A0DF0-A25C-4E94-AA54-D0DD51F15A8E}"
EndProject
Project("{FAE04EC0-301F-11D3-BF4B-00C04F79EFBC}") = "BundleFormat", "BundleFormat\BundleFormat.csproj", "{49B81828-760C-42DB-9FAD-96755597C871}"
EndProject
Project("{FAE04EC0-301F-11D3-BF4B-00C04F79EFBC}") = "BurnoutImage", "BurnoutImage\BurnoutImage.csproj", "{DB46CA66-275C-40CB-AB0B-06DA7973BA69}"
EndProject
Project("{FAE04EC0-301F-11D3-BF4B-00C04F79EFBC}") = "HexEditor", "HexEditor\HexEditor.csproj", "{586C3542-1C47-46A6-81F3-323BCFED9A9A}"
EndProject
Project("{FAE04EC0-301F-11D3-BF4B-00C04F79EFBC}") = "ComponentTester", "ComponentTester\ComponentTester.csproj", "{E43A8CFE-7AED-43AE-B2B9-A67B81B1694A}"
EndProject
Project("{FAE04EC0-301F-11D3-BF4B-00C04F79EFBC}") = "StandardExtension", "StandardExtension\StandardExtension.csproj", "{1D9C18C6-B506-4CB7-9E3E-E22FBB24AC3B}"
EndProject
Project("{FAE04EC0-301F-11D3-BF4B-00C04F79EFBC}") = "VehicleList", "VehicleList\VehicleList.csproj", "{557FC08F-7ACD-44D7-AC1F-FB815A267A36}"
EndProject
Project("{FAE04EC0-301F-11D3-BF4B-00C04F79EFBC}") = "VaultFormat", "VaultFormat\VaultFormat.csproj", "{47381AB0-8EEC-49E2-AC2F-D8AD2AC0F2DC}"
EndProject
Project("{FAE04EC0-301F-11D3-BF4B-00C04F79EFBC}") = "PVSFormat", "PVSFormat\PVSFormat.csproj", "{07E80234-B95F-42DC-99A3-A89A929DDDBF}"
EndProject
Project("{FAE04EC0-301F-11D3-BF4B-00C04F79EFBC}") = "MathLib", "MathLib\MathLib.csproj", "{E9E7FFA3-84AE-42AF-BFE3-C50D2B034C28}"
EndProject
Project("{FAE04EC0-301F-11D3-BF4B-00C04F79EFBC}") = "BundleUtilities", "BundleUtilities\BundleUtilities.csproj", "{34471573-F236-4A7C-ABD9-C1FE4686B37E}"
EndProject
Project("{FAE04EC0-301F-11D3-BF4B-00C04F79EFBC}") = "IconLibrary", "IconLibrary\IconLibrary.csproj", "{A56B769D-941F-4B1E-9905-F5A981FA6EAD}"
EndProject
Project("{FAE04EC0-301F-11D3-BF4B-00C04F79EFBC}") = "ModelViewer", "ModelViewer\ModelViewer.csproj", "{463D5389-3704-473E-B4C3-B334474CEFDE}"
EndProject
Project("{FAE04EC0-301F-11D3-BF4B-00C04F79EFBC}") = "LangEditor", "LangEditor\LangEditor.csproj", "{20E7A1C4-AFCD-4B8A-8AEF-06B0C27E72B7}"
EndProject
Project("{FAE04EC0-301F-11D3-BF4B-00C04F79EFBC}") = "PluginAPI", "PluginAPI\PluginAPI.csproj", "{757F0204-F091-464D-AA42-FE8919FF73BB}"
EndProject
Project("{FAE04EC0-301F-11D3-BF4B-00C04F79EFBC}") = "PluginSystem", "PluginSystem\PluginSystem.csproj", "{4FC1C1EE-618A-4B65-A103-A51568A01629}"
EndProject
Project("{FAE04EC0-301F-11D3-BF4B-00C04F79EFBC}") = "BaseHandlers", "BaseHandlers\BaseHandlers.csproj", "{7743D330-6A1A-496C-872B-E36C9EB38CE7}"
EndProject
Project("{2150E333-8FDC-42A3-9474-1A3956D46DE8}") = "Plugins", "Plugins", "{60F98E02-807F-4EDC-8747-147C365606B1}"
EndProject
Project("{2150E333-8FDC-42A3-9474-1A3956D46DE8}") = "Tests", "Tests", "{47FF0AEF-B4E1-4795-B14C-836461DA2922}"
EndProject
Project("{2150E333-8FDC-42A3-9474-1A3956D46DE8}") = "Utilities", "Utilities", "{3BA7CE56-4E22-418F-9D13-F2189413D30B}"
EndProject
Project("{2150E333-8FDC-42A3-9474-1A3956D46DE8}") = "Core", "Core", "{DA4D9C10-E153-4D48-8369-4BE4168BACDB}"
EndProject
Global
	GlobalSection(SolutionConfigurationPlatforms) = preSolution
		Debug|Any CPU = Debug|Any CPU
		Release|Any CPU = Release|Any CPU
	EndGlobalSection
	GlobalSection(ProjectConfigurationPlatforms) = postSolution
		{F11A0DF0-A25C-4E94-AA54-D0DD51F15A8E}.Debug|Any CPU.ActiveCfg = Debug|Any CPU
		{F11A0DF0-A25C-4E94-AA54-D0DD51F15A8E}.Debug|Any CPU.Build.0 = Debug|Any CPU
		{F11A0DF0-A25C-4E94-AA54-D0DD51F15A8E}.Release|Any CPU.ActiveCfg = Release|Any CPU
		{F11A0DF0-A25C-4E94-AA54-D0DD51F15A8E}.Release|Any CPU.Build.0 = Release|Any CPU
		{49B81828-760C-42DB-9FAD-96755597C871}.Debug|Any CPU.ActiveCfg = Debug|Any CPU
		{49B81828-760C-42DB-9FAD-96755597C871}.Debug|Any CPU.Build.0 = Debug|Any CPU
		{49B81828-760C-42DB-9FAD-96755597C871}.Release|Any CPU.ActiveCfg = Release|Any CPU
		{49B81828-760C-42DB-9FAD-96755597C871}.Release|Any CPU.Build.0 = Release|Any CPU
		{DB46CA66-275C-40CB-AB0B-06DA7973BA69}.Debug|Any CPU.ActiveCfg = Debug|Any CPU
		{DB46CA66-275C-40CB-AB0B-06DA7973BA69}.Debug|Any CPU.Build.0 = Debug|Any CPU
		{DB46CA66-275C-40CB-AB0B-06DA7973BA69}.Release|Any CPU.ActiveCfg = Release|Any CPU
		{DB46CA66-275C-40CB-AB0B-06DA7973BA69}.Release|Any CPU.Build.0 = Release|Any CPU
		{586C3542-1C47-46A6-81F3-323BCFED9A9A}.Debug|Any CPU.ActiveCfg = Debug|Any CPU
		{586C3542-1C47-46A6-81F3-323BCFED9A9A}.Debug|Any CPU.Build.0 = Debug|Any CPU
		{586C3542-1C47-46A6-81F3-323BCFED9A9A}.Release|Any CPU.ActiveCfg = Release|Any CPU
		{586C3542-1C47-46A6-81F3-323BCFED9A9A}.Release|Any CPU.Build.0 = Release|Any CPU
		{E43A8CFE-7AED-43AE-B2B9-A67B81B1694A}.Debug|Any CPU.ActiveCfg = Debug|Any CPU
		{E43A8CFE-7AED-43AE-B2B9-A67B81B1694A}.Debug|Any CPU.Build.0 = Debug|Any CPU
		{E43A8CFE-7AED-43AE-B2B9-A67B81B1694A}.Release|Any CPU.ActiveCfg = Release|Any CPU
		{E43A8CFE-7AED-43AE-B2B9-A67B81B1694A}.Release|Any CPU.Build.0 = Release|Any CPU
		{1D9C18C6-B506-4CB7-9E3E-E22FBB24AC3B}.Debug|Any CPU.ActiveCfg = Debug|Any CPU
		{1D9C18C6-B506-4CB7-9E3E-E22FBB24AC3B}.Debug|Any CPU.Build.0 = Debug|Any CPU
		{1D9C18C6-B506-4CB7-9E3E-E22FBB24AC3B}.Release|Any CPU.ActiveCfg = Release|Any CPU
		{1D9C18C6-B506-4CB7-9E3E-E22FBB24AC3B}.Release|Any CPU.Build.0 = Release|Any CPU
		{557FC08F-7ACD-44D7-AC1F-FB815A267A36}.Debug|Any CPU.ActiveCfg = Debug|Any CPU
		{557FC08F-7ACD-44D7-AC1F-FB815A267A36}.Debug|Any CPU.Build.0 = Debug|Any CPU
		{557FC08F-7ACD-44D7-AC1F-FB815A267A36}.Release|Any CPU.ActiveCfg = Release|Any CPU
		{557FC08F-7ACD-44D7-AC1F-FB815A267A36}.Release|Any CPU.Build.0 = Release|Any CPU
		{47381AB0-8EEC-49E2-AC2F-D8AD2AC0F2DC}.Debug|Any CPU.ActiveCfg = Debug|Any CPU
		{47381AB0-8EEC-49E2-AC2F-D8AD2AC0F2DC}.Debug|Any CPU.Build.0 = Debug|Any CPU
		{47381AB0-8EEC-49E2-AC2F-D8AD2AC0F2DC}.Release|Any CPU.ActiveCfg = Release|Any CPU
		{47381AB0-8EEC-49E2-AC2F-D8AD2AC0F2DC}.Release|Any CPU.Build.0 = Release|Any CPU
		{07E80234-B95F-42DC-99A3-A89A929DDDBF}.Debug|Any CPU.ActiveCfg = Debug|Any CPU
		{07E80234-B95F-42DC-99A3-A89A929DDDBF}.Debug|Any CPU.Build.0 = Debug|Any CPU
		{07E80234-B95F-42DC-99A3-A89A929DDDBF}.Release|Any CPU.ActiveCfg = Release|Any CPU
		{07E80234-B95F-42DC-99A3-A89A929DDDBF}.Release|Any CPU.Build.0 = Release|Any CPU
		{E9E7FFA3-84AE-42AF-BFE3-C50D2B034C28}.Debug|Any CPU.ActiveCfg = Debug|Any CPU
		{E9E7FFA3-84AE-42AF-BFE3-C50D2B034C28}.Debug|Any CPU.Build.0 = Debug|Any CPU
		{E9E7FFA3-84AE-42AF-BFE3-C50D2B034C28}.Release|Any CPU.ActiveCfg = Release|Any CPU
		{E9E7FFA3-84AE-42AF-BFE3-C50D2B034C28}.Release|Any CPU.Build.0 = Release|Any CPU
		{34471573-F236-4A7C-ABD9-C1FE4686B37E}.Debug|Any CPU.ActiveCfg = Debug|Any CPU
		{34471573-F236-4A7C-ABD9-C1FE4686B37E}.Debug|Any CPU.Build.0 = Debug|Any CPU
		{34471573-F236-4A7C-ABD9-C1FE4686B37E}.Release|Any CPU.ActiveCfg = Release|Any CPU
		{34471573-F236-4A7C-ABD9-C1FE4686B37E}.Release|Any CPU.Build.0 = Release|Any CPU
		{A56B769D-941F-4B1E-9905-F5A981FA6EAD}.Debug|Any CPU.ActiveCfg = Debug|Any CPU
		{A56B769D-941F-4B1E-9905-F5A981FA6EAD}.Debug|Any CPU.Build.0 = Debug|Any CPU
		{A56B769D-941F-4B1E-9905-F5A981FA6EAD}.Release|Any CPU.ActiveCfg = Release|Any CPU
		{A56B769D-941F-4B1E-9905-F5A981FA6EAD}.Release|Any CPU.Build.0 = Release|Any CPU
		{463D5389-3704-473E-B4C3-B334474CEFDE}.Debug|Any CPU.ActiveCfg = Debug|Any CPU
		{463D5389-3704-473E-B4C3-B334474CEFDE}.Debug|Any CPU.Build.0 = Debug|Any CPU
		{463D5389-3704-473E-B4C3-B334474CEFDE}.Release|Any CPU.ActiveCfg = Release|Any CPU
		{463D5389-3704-473E-B4C3-B334474CEFDE}.Release|Any CPU.Build.0 = Release|Any CPU
		{20E7A1C4-AFCD-4B8A-8AEF-06B0C27E72B7}.Debug|Any CPU.ActiveCfg = Debug|Any CPU
		{20E7A1C4-AFCD-4B8A-8AEF-06B0C27E72B7}.Debug|Any CPU.Build.0 = Debug|Any CPU
		{20E7A1C4-AFCD-4B8A-8AEF-06B0C27E72B7}.Release|Any CPU.ActiveCfg = Release|Any CPU
		{20E7A1C4-AFCD-4B8A-8AEF-06B0C27E72B7}.Release|Any CPU.Build.0 = Release|Any CPU
		{757F0204-F091-464D-AA42-FE8919FF73BB}.Debug|Any CPU.ActiveCfg = Debug|Any CPU
		{757F0204-F091-464D-AA42-FE8919FF73BB}.Debug|Any CPU.Build.0 = Debug|Any CPU
		{757F0204-F091-464D-AA42-FE8919FF73BB}.Release|Any CPU.ActiveCfg = Release|Any CPU
		{757F0204-F091-464D-AA42-FE8919FF73BB}.Release|Any CPU.Build.0 = Release|Any CPU
		{4FC1C1EE-618A-4B65-A103-A51568A01629}.Debug|Any CPU.ActiveCfg = Debug|Any CPU
		{4FC1C1EE-618A-4B65-A103-A51568A01629}.Debug|Any CPU.Build.0 = Debug|Any CPU
		{4FC1C1EE-618A-4B65-A103-A51568A01629}.Release|Any CPU.ActiveCfg = Release|Any CPU
		{4FC1C1EE-618A-4B65-A103-A51568A01629}.Release|Any CPU.Build.0 = Release|Any CPU
		{7743D330-6A1A-496C-872B-E36C9EB38CE7}.Debug|Any CPU.ActiveCfg = Debug|Any CPU
		{7743D330-6A1A-496C-872B-E36C9EB38CE7}.Debug|Any CPU.Build.0 = Debug|Any CPU
		{7743D330-6A1A-496C-872B-E36C9EB38CE7}.Release|Any CPU.ActiveCfg = Release|Any CPU
		{7743D330-6A1A-496C-872B-E36C9EB38CE7}.Release|Any CPU.Build.0 = Release|Any CPU
	EndGlobalSection
	GlobalSection(SolutionProperties) = preSolution
		HideSolutionNode = FALSE
	EndGlobalSection
	GlobalSection(NestedProjects) = preSolution
		{F11A0DF0-A25C-4E94-AA54-D0DD51F15A8E} = {DA4D9C10-E153-4D48-8369-4BE4168BACDB}
		{49B81828-760C-42DB-9FAD-96755597C871} = {3BA7CE56-4E22-418F-9D13-F2189413D30B}
		{DB46CA66-275C-40CB-AB0B-06DA7973BA69} = {3BA7CE56-4E22-418F-9D13-F2189413D30B}
		{586C3542-1C47-46A6-81F3-323BCFED9A9A} = {3BA7CE56-4E22-418F-9D13-F2189413D30B}
		{E43A8CFE-7AED-43AE-B2B9-A67B81B1694A} = {47FF0AEF-B4E1-4795-B14C-836461DA2922}
		{1D9C18C6-B506-4CB7-9E3E-E22FBB24AC3B} = {3BA7CE56-4E22-418F-9D13-F2189413D30B}
		{557FC08F-7ACD-44D7-AC1F-FB815A267A36} = {60F98E02-807F-4EDC-8747-147C365606B1}
		{47381AB0-8EEC-49E2-AC2F-D8AD2AC0F2DC} = {60F98E02-807F-4EDC-8747-147C365606B1}
		{07E80234-B95F-42DC-99A3-A89A929DDDBF} = {60F98E02-807F-4EDC-8747-147C365606B1}
		{E9E7FFA3-84AE-42AF-BFE3-C50D2B034C28} = {3BA7CE56-4E22-418F-9D13-F2189413D30B}
		{34471573-F236-4A7C-ABD9-C1FE4686B37E} = {3BA7CE56-4E22-418F-9D13-F2189413D30B}
		{A56B769D-941F-4B1E-9905-F5A981FA6EAD} = {3BA7CE56-4E22-418F-9D13-F2189413D30B}
		{463D5389-3704-473E-B4C3-B334474CEFDE} = {3BA7CE56-4E22-418F-9D13-F2189413D30B}
		{20E7A1C4-AFCD-4B8A-8AEF-06B0C27E72B7} = {60F98E02-807F-4EDC-8747-147C365606B1}
		{757F0204-F091-464D-AA42-FE8919FF73BB} = {3BA7CE56-4E22-418F-9D13-F2189413D30B}
		{4FC1C1EE-618A-4B65-A103-A51568A01629} = {3BA7CE56-4E22-418F-9D13-F2189413D30B}
		{7743D330-6A1A-496C-872B-E36C9EB38CE7} = {60F98E02-807F-4EDC-8747-147C365606B1}
	EndGlobalSection
	GlobalSection(ExtensibilityGlobals) = postSolution
		SolutionGuid = {566130B7-31A2-4407-A2E1-C22E60C85C2C}
	EndGlobalSection
EndGlobal
